<?xml version="1.0" encoding="UTF-8" standalone="yes" ?>
<CodeBlocks_project_file>
	<FileVersion major="1" minor="6" />
	<Project>
		<Option title="approxkernel" />
		<Option makefile="makefile" />
		<Option makefile_is_custom="1" />
		<Option execution_dir="." />
		<Option pch_mode="2" />
		<Option compiler="ifclin" />
		<Build>
			<Target title="Debug">
				<Option output="bin/Debug/conv" prefix_auto="1" extension_auto="1" />
				<Option object_output="obj/Debug/" />
				<Option type="1" />
				<Option compiler="ifclin" />
				<Compiler>
					<Add option="-zero" />
					<Add option="-check uninit" />
					<Add option="-check pointers" />
					<Add option="-check bounds" />
					<Add option="-check all" />
					<Add option="-inline-level=0" />
					<Add option="-O0" />
					<Add option="-traceback" />
					<Add option="-gen-interfaces" />
					<Add option="-warn interfaces" />
					<Add option="-warn errors" />
					<Add option="-warn all" />
					<Add option="-warn general" />
					<Add option="-warn declarations" />
					<Add option="-debug full" />
					<Add option="-DDTYPE_REAL32" />
				</Compiler>
				<Linker>
					<Add option="-mkl" />
				</Linker>
				<MakeCommands>
					<Build command="$make -f $makefile static_lib C=DEBUG" />
					<CompileFile command="$make -f $makefile static_lib C=DEBUG" />
					<Clean command="$make -f $makefile clean" />
					<DistClean command="$make -f $makefile distclean$target" />
					<AskRebuildNeeded command="$make -q -f $makefile clean" />
					<SilentBuild command="$make -f $makefile static_lib C=DEBUG &gt; $(CMD_NULL)" />
				</MakeCommands>
			</Target>
			<Target title="Release">
				<Option output="bin/Release/conv" prefix_auto="1" extension_auto="1" />
				<Option object_output="obj/Release/" />
				<Option type="1" />
				<Option compiler="ifclin" />
				<Compiler>
					<Add option="-align" />
					<Add option="-openmp" />
					<Add option="-xHost" />
					<Add option="-inline-level=2" />
					<Add option="-fast" />
					<Add option="-parallel -fopenmp" />
				</Compiler>
				<Linker>
					<Add option="-openmp" />
					<Add option="-fast" />
					<Add option="-mkl -liomp5 -lpthread -lm -ldl -fopenmp" />
				</Linker>
				<MakeCommands>
					<Build command="$make -f $makefile" />
					<CompileFile command="$make -f $makefile" />
					<Clean command="$make -f $makefile clean" />
					<DistClean command="$make -f $makefile distclean$target" />
					<AskRebuildNeeded command="$make -q -f $makefile clean" />
					<SilentBuild command="$make -f $makefile &gt; $(CMD_NULL)" />
				</MakeCommands>
			</Target>
			<Target title="DebugTests">
				<Option output="project" prefix_auto="1" extension_auto="1" />
				<Option type="1" />
				<Option compiler="ifclin" />
				<Option use_console_runner="0" />
			</Target>
			<Target title="Profile">
				<Option output="project" prefix_auto="1" extension_auto="1" />
				<Option type="1" />
				<Option compiler="ifclin" />
				<Option use_console_runner="0" />
				<MakeCommands>
					<Build command="$make -f $makefile static_lib C=PROFILE" />
					<CompileFile command="$make -f $makefile static_lib C=PROFILE" />
					<Clean command="$make -f $makefile clean" />
					<DistClean command="$make -f $makefile distclean$target" />
					<AskRebuildNeeded command="$make -q -f $makefile clean" />
					<SilentBuild command="$make -f $makefile static_lib C=PROFILE &gt; $(CMD_NULL)" />
				</MakeCommands>
			</Target>
		</Build>
		<Compiler>
			<Add option="-warn all" />
		</Compiler>
		<Unit filename="../tests/benchmark_baseline_fft.f90" />
		<Unit filename="../tests/benchmark_dtype.f90">
			<Option target="Debug" />
			<Option target="Release" />
			<Option target="DebugTests" />
		</Unit>
		<Unit filename="../tests/benchmark_dtype.template">
			<Option target="Debug" />
			<Option target="Release" />
			<Option target="DebugTests" />
		</Unit>
		<Unit filename="../tests/benchmark_integration.f90">
			<Option target="Debug" />
			<Option target="Release" />
			<Option target="DebugTests" />
		</Unit>
		<Unit filename="../tests/complex_coulomb_kernel2d_demo.f90">
			<Option target="Debug" />
			<Option target="Release" />
			<Option target="DebugTests" />
		</Unit>
		<Unit filename="../tests/coulomb_kernel2d_demo.f90">
			<Option target="Debug" />
			<Option target="Release" />
			<Option target="DebugTests" />
		</Unit>
		<Unit filename="../tests/example_run.f90">
			<Option target="Debug" />
			<Option target="Release" />
			<Option target="DebugTests" />
		</Unit>
		<Unit filename="../tests/makefile">
			<Option target="Debug" />
			<Option target="Release" />
			<Option target="DebugTests" />
		</Unit>
		<Unit filename="../tests/test_complex_demo.f90">
			<Option target="Debug" />
			<Option target="Release" />
			<Option target="DebugTests" />
		</Unit>
		<Unit filename="../tests/test_coulomb_kernel.f90">
			<Option target="Debug" />
			<Option target="Release" />
			<Option target="DebugTests" />
		</Unit>
		<Unit filename="../tests/test_integral_openmp.f90">
			<Option target="Debug" />
			<Option target="Release" />
			<Option target="DebugTests" />
		</Unit>
		<Unit filename="../tests/test_profile.f90" />
		<Unit filename="../tests/test_profile_resize_bilinear.f90" />
		<Unit filename="makefile">
			<Option target="Debug" />
			<Option target="Release" />
			<Option target="DebugTests" />
		</Unit>
		<Unit filename="mkl_vsl.f90" />
		<Unit filename="modapproxkernel1d.f90" />
		<Unit filename="modapproxkernel1d/deleteapproxkernel.template" />
		<Unit filename="modapproxkernel1d/execapproxkernel.template" />
		<Unit filename="modapproxkernel1d/initapproxkernel.template" />
		<Unit filename="modapproxkernel2d.f90" />
		<Unit filename="modapproxkernel2d/deleteapproxkernel.template" />
		<Unit filename="modapproxkernel2d/execapproxkernel.template" />
		<Unit filename="modapproxkernel2d/initapproxkernel.template" />
		<Unit filename="modimageops1d.f90" />
		<Unit filename="modimageops2d.f90" />
		<Unit filename="modimageops2d/averagepool2x2.template" />
		<Unit filename="modimageops2d/averagepool2x2inplace.template" />
		<Unit filename="modimageops2d/resizebilinear2d.template" />
		<Unit filename="modimageops2d/resizebilinearinplace2d.template" />
		<Unit filename="modio.f90" />
		<Unit filename="modio/read_array2d.template" />
		<Unit filename="modio/read_kernel.template" />
		<Unit filename="modio/read_kernels.template" />
		<Unit filename="modio/read_kernels_1d.template" />
		<Unit filename="modio/save_array1d.template" />
		<Unit filename="modio/save_array2d.template" />
		<Unit filename="modutils.f90" />
		<Unit filename="modvslconv1d.f90" />
		<Unit filename="modvslconv2d.f90" />
		<Unit filename="modvslconv2d/deletevslconv2d.template" />
		<Unit filename="modvslconv2d/execvslconv2d.template" />
		<Unit filename="modvslconv2d/initvslconv2d.template" />
		<Extensions>
			<code_completion />
			<envvars />
			<debugger />
		</Extensions>
	</Project>
</CodeBlocks_project_file>
